# This file is automatically @generated by Cargo.
# It is not intended for manual editing.
version = 3

[[package]]
name = "rust50"
version = "0.2.1"
source = "registry+https://github.com/rust-lang/crates.io-index"
checksum = "3838a7e96e99fcf1108c4d549da6cb5a4e96df09f58465702124406fc1bbdba2"

[[package]]
name = "tip"
version = "0.1.0"
dependencies = [
 "rust50",
]
